{
  "originHash" : "c37db149ac989f58516748346d83786cc1149ffae649226f197dbd319b65d22e",
  "pins" : [
    {
      "identity" : "newrelic-ios-agent-spm",
      "kind" : "remoteSourceControl",
      "location" : "https://github.com/newrelic/newrelic-ios-agent-spm.git",
      "state" : {
        "branch" : "main",
        "revision" : "c7228afb2131f47e79f6f0ea8c6a2586802021a1"
      }
    },
    {
      "identity" : "posthog-ios",
      "kind" : "remoteSourceControl",
      "location" : "https://github.com/PostHog/posthog-ios.git",
      "state" : {
        "revision" : "22f1a379b32838d9db484d873d6a8b5d39e50e27",
        "version" : "3.19.2"
      }
    }
  ],
  "version" : 3
}
