{
  "originHash" : "cc3c87325624d6c8a68b35574643b52bee57843e45ba44391c89c17cbd5a8887",
  "pins" : [
    {
      "identity" : "newrelic-ios-agent-spm",
      "kind" : "remoteSourceControl",
      "location" : "https://github.com/newrelic/newrelic-ios-agent-spm.git",
      "state" : {
        "branch" : "main",
        "revision" : "c7228afb2131f47e79f6f0ea8c6a2586802021a1"
      }
    },
    {
      "identity" : "posthog-ios",
      "kind" : "remoteSourceControl",
      "location" : "https://github.com/PostHog/posthog-ios.git",
      "state" : {
        "revision" : "46862fdb17c66567c391563743932870f9bb9635",
        "version" : "3.8.0"
      }
    }
  ],
  "version" : 3
}
