{
  "originHash" : "4130acdf02ea6f3c197a8cd628918aef9d507211bba0f959b6e694eb574d242a",
  "pins" : [
    {
      "identity" : "newrelic-ios-agent-spm",
      "kind" : "remoteSourceControl",
      "location" : "https://github.com/newrelic/newrelic-ios-agent-spm.git",
      "state" : {
        "branch" : "main",
        "revision" : "c7228afb2131f47e79f6f0ea8c6a2586802021a1"
      }
    },
    {
      "identity" : "posthog-ios",
      "kind" : "remoteSourceControl",
      "location" : "https://github.com/PostHog/posthog-ios.git",
      "state" : {
        "branch" : "fix/internal-phlibwebp",
        "revision" : "3f8b6f1f40fcda63ae669c010b027d6444e6ec4a"
      }
    }
  ],
  "version" : 3
}
